{
  "nodes": {
    "home-manager": {
      "inputs": {
        "nixpkgs": [
          "nixpkgs"
        ],
        "utils": "utils"
      },
      "locked": {
        "lastModified": 1677783711,
        "narHash": "sha256-eq5mOVk3gv5HITtLhPjKwi8bFnOaQplA3X0WFgHnmxE=",
        "owner": "nix-community",
        "repo": "home-manager",
        "rev": "b9e3a29864798d55ec1d6579ab97876bb1ee9664",
        "type": "github"
      },
      "original": {
        "owner": "nix-community",
        "repo": "home-manager",
        "type": "github"
      }
    },
    "nixpkgs": {
      "locked": {
        "lastModified": 1677587185,
        "narHash": "sha256-zYT66MAYwctAQqI5VBw3LbBXiSKdB8vuMAqCGG8onbE=",
        "owner": "NixOS",
        "repo": "nixpkgs",
        "rev": "68196a61c26748d3e53a6803de3d2f8c69f27831",
        "type": "github"
      },
      "original": {
        "owner": "NixOS",
        "ref": "nixos-unstable",
        "repo": "nixpkgs",
        "type": "github"
      }
    },
    "nur": {
      "locked": {
        "lastModified": 1677828933,
        "narHash": "sha256-XMZ/obovXUX/6yDtHkwLIH5XSUKN8hxrm3qAJSKslMo=",
        "owner": "nix-community",
        "repo": "NUR",
        "rev": "12cab6ff5eb3992fa43269ee58c48bbe20734206",
        "type": "github"
      },
      "original": {
        "owner": "nix-community",
        "repo": "NUR",
        "type": "github"
      }
    },
    "nur-corona": {
      "inputs": {
        "nixpkgs": [
          "nixpkgs"
        ]
      },
      "locked": {
        "lastModified": 1677830523,
        "narHash": "sha256-IVOTIH3To02diYlrjWh3xNKiiWz1StW3dezdD+7DLzs=",
        "owner": "corona09",
        "repo": "nur-pkgs",
        "rev": "515f93edc9a26f2e3b8e56ec17a33418d8c489b5",
        "type": "github"
      },
      "original": {
        "owner": "corona09",
        "repo": "nur-pkgs",
        "type": "github"
      }
    },
    "root": {
      "inputs": {
        "home-manager": "home-manager",
        "nixpkgs": "nixpkgs",
        "nur": "nur",
        "nur-corona": "nur-corona"
      }
    },
    "utils": {
      "locked": {
        "lastModified": 1667395993,
        "narHash": "sha256-nuEHfE/LcWyuSWnS8t12N1wc105Qtau+/OdUAjtQ0rA=",
        "owner": "numtide",
        "repo": "flake-utils",
        "rev": "5aed5285a952e0b949eb3ba02c12fa4fcfef535f",
        "type": "github"
      },
      "original": {
        "owner": "numtide",
        "repo": "flake-utils",
        "type": "github"
      }
    }
  },
  "root": "root",
  "version": 7
}
